{
  "version": 4,
  "terraform_version": "1.3.6",
  "serial": 8,
  "lineage": "95f2bff2-969f-11f3-60d2-e684f868933c",
  "outputs": {},
  "resources": [
    {
      "mode": "managed",
      "type": "googleworkspace_group",
      "name": "estatisticas",
      "provider": "provider[\"registry.terraform.io/hashicorp/googleworkspace\"]",
      "instances": [
        {
          "schema_version": 0,
          "attributes": {
            "admin_created": true,
            "aliases": [],
            "description": "Grupo estatisticas",
            "direct_members_count": 0,
            "email": "estatisticas@andreag.com.br",
            "etag": "\"CTyc505ppdmJR2motHVsU17kzItOkPo5vYViqlSF0rU/z9l0BuBZ1eQPtpu6cveC336Lbjo\"",
            "id": "01t3h5sf1rbd3hg",
            "name": "estatisticas",
            "non_editable_aliases": [
              "estatisticas@andreag.com.br.test-google-a.com"
            ],
            "timeouts": {
              "create": "1m",
              "update": "1m"
            }
          },
          "sensitive_attributes": [],
          "private": "eyJlMmJmYjczMC1lY2FhLTExZTYtOGY4OC0zNDM2M2JjN2M0YzAiOnsiY3JlYXRlIjo2MDAwMDAwMDAwMCwidXBkYXRlIjo2MDAwMDAwMDAwMH19"
        }
      ]
    },
    {
      "mode": "managed",
      "type": "googleworkspace_group_member",
      "name": "manager",
      "provider": "provider[\"registry.terraform.io/hashicorp/googleworkspace\"]",
      "instances": []
    }
  ],
  "check_results": null
}
